
Microsoft Visual Studio Solution File, Format Version 11.00
# Visual Studio 2010
Project("{8BC9CEB8-8B4A-11D0-8D11-00A0C91BC942}") = "OpenGLTest", "OpenGLTest\OpenGLTest.vcxproj", "{1B561A24-54A6-4196-98AA-BD0FC93B948F}"
EndProject
Project("{8BC9CEB8-8B4A-11D0-8D11-00A0C91BC942}") = "testOpenGL", "testOpenGL\testOpenGL.vcxproj", "{6B44D507-80E0-4156-8617-6C785CB94F47}"
EndProject
Project("{8BC9CEB8-8B4A-11D0-8D11-00A0C91BC942}") = "OpenGL_MSAA", "OpenGL_MSAA\OpenGL_MSAA.vcxproj", "{A413891F-60A1-4B18-8102-C8F62AC5688C}"
EndProject
Project("{8BC9CEB8-8B4A-11D0-8D11-00A0C91BC942}") = "GL2PS", "GL2PS\GL2PS.vcxproj", "{3D6E67BD-DC1B-4E65-AB08-7035F9FD1A60}"
EndProject
Project("{8BC9CEB8-8B4A-11D0-8D11-00A0C91BC942}") = "Pickup", "Pickup\Pickup.vcxproj", "{C1B81DC1-53AB-4538-8F4A-FA8D3B0C7877}"
EndProject
Project("{8BC9CEB8-8B4A-11D0-8D11-00A0C91BC942}") = "PolygonTessellation", "PolygonTessellation\PolygonTessellation.vcxproj", "{00928D70-9C76-4EFA-8347-44E60FAE5ABC}"
EndProject
Global
	GlobalSection(SolutionConfigurationPlatforms) = preSolution
		Debug Multithreaded|Win32 = Debug Multithreaded|Win32
		Debug Multithreaded|x64 = Debug Multithreaded|x64
		Debug Singlethreaded|Win32 = Debug Singlethreaded|Win32
		Debug Singlethreaded|x64 = Debug Singlethreaded|x64
		Debug|Win32 = Debug|Win32
		Debug|x64 = Debug|x64
		Release Multithreaded|Win32 = Release Multithreaded|Win32
		Release Multithreaded|x64 = Release Multithreaded|x64
		Release Singlethreaded|Win32 = Release Singlethreaded|Win32
		Release Singlethreaded|x64 = Release Singlethreaded|x64
		Release|Win32 = Release|Win32
		Release|x64 = Release|x64
	EndGlobalSection
	GlobalSection(ProjectConfigurationPlatforms) = postSolution
		{1B561A24-54A6-4196-98AA-BD0FC93B948F}.Debug Multithreaded|Win32.ActiveCfg = Debug|Win32
		{1B561A24-54A6-4196-98AA-BD0FC93B948F}.Debug Multithreaded|Win32.Build.0 = Debug|Win32
		{1B561A24-54A6-4196-98AA-BD0FC93B948F}.Debug Multithreaded|x64.ActiveCfg = Debug|Win32
		{1B561A24-54A6-4196-98AA-BD0FC93B948F}.Debug Multithreaded|x64.Build.0 = Debug|Win32
		{1B561A24-54A6-4196-98AA-BD0FC93B948F}.Debug Singlethreaded|Win32.ActiveCfg = Debug|Win32
		{1B561A24-54A6-4196-98AA-BD0FC93B948F}.Debug Singlethreaded|Win32.Build.0 = Debug|Win32
		{1B561A24-54A6-4196-98AA-BD0FC93B948F}.Debug Singlethreaded|x64.ActiveCfg = Debug|Win32
		{1B561A24-54A6-4196-98AA-BD0FC93B948F}.Debug Singlethreaded|x64.Build.0 = Debug|Win32
		{1B561A24-54A6-4196-98AA-BD0FC93B948F}.Debug|Win32.ActiveCfg = Debug|Win32
		{1B561A24-54A6-4196-98AA-BD0FC93B948F}.Debug|Win32.Build.0 = Debug|Win32
		{1B561A24-54A6-4196-98AA-BD0FC93B948F}.Debug|x64.ActiveCfg = Debug|x64
		{1B561A24-54A6-4196-98AA-BD0FC93B948F}.Debug|x64.Build.0 = Debug|x64
		{1B561A24-54A6-4196-98AA-BD0FC93B948F}.Release Multithreaded|Win32.ActiveCfg = Release|Win32
		{1B561A24-54A6-4196-98AA-BD0FC93B948F}.Release Multithreaded|Win32.Build.0 = Release|Win32
		{1B561A24-54A6-4196-98AA-BD0FC93B948F}.Release Multithreaded|x64.ActiveCfg = Release|Win32
		{1B561A24-54A6-4196-98AA-BD0FC93B948F}.Release Multithreaded|x64.Build.0 = Release|Win32
		{1B561A24-54A6-4196-98AA-BD0FC93B948F}.Release Singlethreaded|Win32.ActiveCfg = Release|Win32
		{1B561A24-54A6-4196-98AA-BD0FC93B948F}.Release Singlethreaded|Win32.Build.0 = Release|Win32
		{1B561A24-54A6-4196-98AA-BD0FC93B948F}.Release Singlethreaded|x64.ActiveCfg = Release|Win32
		{1B561A24-54A6-4196-98AA-BD0FC93B948F}.Release Singlethreaded|x64.Build.0 = Release|Win32
		{1B561A24-54A6-4196-98AA-BD0FC93B948F}.Release|Win32.ActiveCfg = Release|Win32
		{1B561A24-54A6-4196-98AA-BD0FC93B948F}.Release|Win32.Build.0 = Release|Win32
		{1B561A24-54A6-4196-98AA-BD0FC93B948F}.Release|x64.ActiveCfg = Release|Win32
		{1B561A24-54A6-4196-98AA-BD0FC93B948F}.Release|x64.Build.0 = Release|Win32
		{6B44D507-80E0-4156-8617-6C785CB94F47}.Debug Multithreaded|Win32.ActiveCfg = Debug|Win32
		{6B44D507-80E0-4156-8617-6C785CB94F47}.Debug Multithreaded|Win32.Build.0 = Debug|Win32
		{6B44D507-80E0-4156-8617-6C785CB94F47}.Debug Multithreaded|x64.ActiveCfg = Debug|Win32
		{6B44D507-80E0-4156-8617-6C785CB94F47}.Debug Multithreaded|x64.Build.0 = Debug|Win32
		{6B44D507-80E0-4156-8617-6C785CB94F47}.Debug Singlethreaded|Win32.ActiveCfg = Debug|Win32
		{6B44D507-80E0-4156-8617-6C785CB94F47}.Debug Singlethreaded|Win32.Build.0 = Debug|Win32
		{6B44D507-80E0-4156-8617-6C785CB94F47}.Debug Singlethreaded|x64.ActiveCfg = Debug|Win32
		{6B44D507-80E0-4156-8617-6C785CB94F47}.Debug Singlethreaded|x64.Build.0 = Debug|Win32
		{6B44D507-80E0-4156-8617-6C785CB94F47}.Debug|Win32.ActiveCfg = Debug|Win32
		{6B44D507-80E0-4156-8617-6C785CB94F47}.Debug|Win32.Build.0 = Debug|Win32
		{6B44D507-80E0-4156-8617-6C785CB94F47}.Debug|x64.ActiveCfg = Debug|Win32
		{6B44D507-80E0-4156-8617-6C785CB94F47}.Debug|x64.Build.0 = Debug|Win32
		{6B44D507-80E0-4156-8617-6C785CB94F47}.Release Multithreaded|Win32.ActiveCfg = Release|Win32
		{6B44D507-80E0-4156-8617-6C785CB94F47}.Release Multithreaded|Win32.Build.0 = Release|Win32
		{6B44D507-80E0-4156-8617-6C785CB94F47}.Release Multithreaded|x64.ActiveCfg = Release|Win32
		{6B44D507-80E0-4156-8617-6C785CB94F47}.Release Multithreaded|x64.Build.0 = Release|Win32
		{6B44D507-80E0-4156-8617-6C785CB94F47}.Release Singlethreaded|Win32.ActiveCfg = Release|Win32
		{6B44D507-80E0-4156-8617-6C785CB94F47}.Release Singlethreaded|Win32.Build.0 = Release|Win32
		{6B44D507-80E0-4156-8617-6C785CB94F47}.Release Singlethreaded|x64.ActiveCfg = Release|Win32
		{6B44D507-80E0-4156-8617-6C785CB94F47}.Release Singlethreaded|x64.Build.0 = Release|Win32
		{6B44D507-80E0-4156-8617-6C785CB94F47}.Release|Win32.ActiveCfg = Release|Win32
		{6B44D507-80E0-4156-8617-6C785CB94F47}.Release|Win32.Build.0 = Release|Win32
		{6B44D507-80E0-4156-8617-6C785CB94F47}.Release|x64.ActiveCfg = Release|Win32
		{6B44D507-80E0-4156-8617-6C785CB94F47}.Release|x64.Build.0 = Release|Win32
		{A413891F-60A1-4B18-8102-C8F62AC5688C}.Debug Multithreaded|Win32.ActiveCfg = Debug|Win32
		{A413891F-60A1-4B18-8102-C8F62AC5688C}.Debug Multithreaded|Win32.Build.0 = Debug|Win32
		{A413891F-60A1-4B18-8102-C8F62AC5688C}.Debug Multithreaded|x64.ActiveCfg = Debug|Win32
		{A413891F-60A1-4B18-8102-C8F62AC5688C}.Debug Multithreaded|x64.Build.0 = Debug|Win32
		{A413891F-60A1-4B18-8102-C8F62AC5688C}.Debug Singlethreaded|Win32.ActiveCfg = Debug|Win32
		{A413891F-60A1-4B18-8102-C8F62AC5688C}.Debug Singlethreaded|Win32.Build.0 = Debug|Win32
		{A413891F-60A1-4B18-8102-C8F62AC5688C}.Debug Singlethreaded|x64.ActiveCfg = Debug|Win32
		{A413891F-60A1-4B18-8102-C8F62AC5688C}.Debug Singlethreaded|x64.Build.0 = Debug|Win32
		{A413891F-60A1-4B18-8102-C8F62AC5688C}.Debug|Win32.ActiveCfg = Debug|Win32
		{A413891F-60A1-4B18-8102-C8F62AC5688C}.Debug|Win32.Build.0 = Debug|Win32
		{A413891F-60A1-4B18-8102-C8F62AC5688C}.Debug|x64.ActiveCfg = Debug|Win32
		{A413891F-60A1-4B18-8102-C8F62AC5688C}.Debug|x64.Build.0 = Debug|Win32
		{A413891F-60A1-4B18-8102-C8F62AC5688C}.Release Multithreaded|Win32.ActiveCfg = Release|Win32
		{A413891F-60A1-4B18-8102-C8F62AC5688C}.Release Multithreaded|Win32.Build.0 = Release|Win32
		{A413891F-60A1-4B18-8102-C8F62AC5688C}.Release Multithreaded|x64.ActiveCfg = Release|Win32
		{A413891F-60A1-4B18-8102-C8F62AC5688C}.Release Multithreaded|x64.Build.0 = Release|Win32
		{A413891F-60A1-4B18-8102-C8F62AC5688C}.Release Singlethreaded|Win32.ActiveCfg = Release|Win32
		{A413891F-60A1-4B18-8102-C8F62AC5688C}.Release Singlethreaded|Win32.Build.0 = Release|Win32
		{A413891F-60A1-4B18-8102-C8F62AC5688C}.Release Singlethreaded|x64.ActiveCfg = Release|Win32
		{A413891F-60A1-4B18-8102-C8F62AC5688C}.Release Singlethreaded|x64.Build.0 = Release|Win32
		{A413891F-60A1-4B18-8102-C8F62AC5688C}.Release|Win32.ActiveCfg = Release|Win32
		{A413891F-60A1-4B18-8102-C8F62AC5688C}.Release|Win32.Build.0 = Release|Win32
		{A413891F-60A1-4B18-8102-C8F62AC5688C}.Release|x64.ActiveCfg = Release|Win32
		{A413891F-60A1-4B18-8102-C8F62AC5688C}.Release|x64.Build.0 = Release|Win32
		{3D6E67BD-DC1B-4E65-AB08-7035F9FD1A60}.Debug Multithreaded|Win32.ActiveCfg = Debug|Win32
		{3D6E67BD-DC1B-4E65-AB08-7035F9FD1A60}.Debug Multithreaded|Win32.Build.0 = Debug|Win32
		{3D6E67BD-DC1B-4E65-AB08-7035F9FD1A60}.Debug Multithreaded|x64.ActiveCfg = Debug|Win32
		{3D6E67BD-DC1B-4E65-AB08-7035F9FD1A60}.Debug Multithreaded|x64.Build.0 = Debug|Win32
		{3D6E67BD-DC1B-4E65-AB08-7035F9FD1A60}.Debug Singlethreaded|Win32.ActiveCfg = Debug|Win32
		{3D6E67BD-DC1B-4E65-AB08-7035F9FD1A60}.Debug Singlethreaded|Win32.Build.0 = Debug|Win32
		{3D6E67BD-DC1B-4E65-AB08-7035F9FD1A60}.Debug Singlethreaded|x64.ActiveCfg = Debug|Win32
		{3D6E67BD-DC1B-4E65-AB08-7035F9FD1A60}.Debug Singlethreaded|x64.Build.0 = Debug|Win32
		{3D6E67BD-DC1B-4E65-AB08-7035F9FD1A60}.Debug|Win32.ActiveCfg = Debug|Win32
		{3D6E67BD-DC1B-4E65-AB08-7035F9FD1A60}.Debug|Win32.Build.0 = Debug|Win32
		{3D6E67BD-DC1B-4E65-AB08-7035F9FD1A60}.Debug|x64.ActiveCfg = Debug|Win32
		{3D6E67BD-DC1B-4E65-AB08-7035F9FD1A60}.Debug|x64.Build.0 = Debug|Win32
		{3D6E67BD-DC1B-4E65-AB08-7035F9FD1A60}.Release Multithreaded|Win32.ActiveCfg = Release|Win32
		{3D6E67BD-DC1B-4E65-AB08-7035F9FD1A60}.Release Multithreaded|Win32.Build.0 = Release|Win32
		{3D6E67BD-DC1B-4E65-AB08-7035F9FD1A60}.Release Multithreaded|x64.ActiveCfg = Release|Win32
		{3D6E67BD-DC1B-4E65-AB08-7035F9FD1A60}.Release Multithreaded|x64.Build.0 = Release|Win32
		{3D6E67BD-DC1B-4E65-AB08-7035F9FD1A60}.Release Singlethreaded|Win32.ActiveCfg = Release|Win32
		{3D6E67BD-DC1B-4E65-AB08-7035F9FD1A60}.Release Singlethreaded|Win32.Build.0 = Release|Win32
		{3D6E67BD-DC1B-4E65-AB08-7035F9FD1A60}.Release Singlethreaded|x64.ActiveCfg = Release|Win32
		{3D6E67BD-DC1B-4E65-AB08-7035F9FD1A60}.Release Singlethreaded|x64.Build.0 = Release|Win32
		{3D6E67BD-DC1B-4E65-AB08-7035F9FD1A60}.Release|Win32.ActiveCfg = Release|Win32
		{3D6E67BD-DC1B-4E65-AB08-7035F9FD1A60}.Release|Win32.Build.0 = Release|Win32
		{3D6E67BD-DC1B-4E65-AB08-7035F9FD1A60}.Release|x64.ActiveCfg = Release|Win32
		{3D6E67BD-DC1B-4E65-AB08-7035F9FD1A60}.Release|x64.Build.0 = Release|Win32
		{C1B81DC1-53AB-4538-8F4A-FA8D3B0C7877}.Debug Multithreaded|Win32.ActiveCfg = Debug|Win32
		{C1B81DC1-53AB-4538-8F4A-FA8D3B0C7877}.Debug Multithreaded|Win32.Build.0 = Debug|Win32
		{C1B81DC1-53AB-4538-8F4A-FA8D3B0C7877}.Debug Multithreaded|x64.ActiveCfg = Debug|Win32
		{C1B81DC1-53AB-4538-8F4A-FA8D3B0C7877}.Debug Singlethreaded|Win32.ActiveCfg = Debug|Win32
		{C1B81DC1-53AB-4538-8F4A-FA8D3B0C7877}.Debug Singlethreaded|Win32.Build.0 = Debug|Win32
		{C1B81DC1-53AB-4538-8F4A-FA8D3B0C7877}.Debug Singlethreaded|x64.ActiveCfg = Debug|Win32
		{C1B81DC1-53AB-4538-8F4A-FA8D3B0C7877}.Debug|Win32.ActiveCfg = Debug|Win32
		{C1B81DC1-53AB-4538-8F4A-FA8D3B0C7877}.Debug|Win32.Build.0 = Debug|Win32
		{C1B81DC1-53AB-4538-8F4A-FA8D3B0C7877}.Debug|x64.ActiveCfg = Debug|Win32
		{C1B81DC1-53AB-4538-8F4A-FA8D3B0C7877}.Release Multithreaded|Win32.ActiveCfg = Release|Win32
		{C1B81DC1-53AB-4538-8F4A-FA8D3B0C7877}.Release Multithreaded|Win32.Build.0 = Release|Win32
		{C1B81DC1-53AB-4538-8F4A-FA8D3B0C7877}.Release Multithreaded|x64.ActiveCfg = Release|Win32
		{C1B81DC1-53AB-4538-8F4A-FA8D3B0C7877}.Release Singlethreaded|Win32.ActiveCfg = Release|Win32
		{C1B81DC1-53AB-4538-8F4A-FA8D3B0C7877}.Release Singlethreaded|Win32.Build.0 = Release|Win32
		{C1B81DC1-53AB-4538-8F4A-FA8D3B0C7877}.Release Singlethreaded|x64.ActiveCfg = Release|Win32
		{C1B81DC1-53AB-4538-8F4A-FA8D3B0C7877}.Release|Win32.ActiveCfg = Release|Win32
		{C1B81DC1-53AB-4538-8F4A-FA8D3B0C7877}.Release|Win32.Build.0 = Release|Win32
		{C1B81DC1-53AB-4538-8F4A-FA8D3B0C7877}.Release|x64.ActiveCfg = Release|Win32
		{00928D70-9C76-4EFA-8347-44E60FAE5ABC}.Debug Multithreaded|Win32.ActiveCfg = Debug|Win32
		{00928D70-9C76-4EFA-8347-44E60FAE5ABC}.Debug Multithreaded|Win32.Build.0 = Debug|Win32
		{00928D70-9C76-4EFA-8347-44E60FAE5ABC}.Debug Multithreaded|x64.ActiveCfg = Debug|Win32
		{00928D70-9C76-4EFA-8347-44E60FAE5ABC}.Debug Singlethreaded|Win32.ActiveCfg = Debug|Win32
		{00928D70-9C76-4EFA-8347-44E60FAE5ABC}.Debug Singlethreaded|Win32.Build.0 = Debug|Win32
		{00928D70-9C76-4EFA-8347-44E60FAE5ABC}.Debug Singlethreaded|x64.ActiveCfg = Debug|Win32
		{00928D70-9C76-4EFA-8347-44E60FAE5ABC}.Debug|Win32.ActiveCfg = Debug|Win32
		{00928D70-9C76-4EFA-8347-44E60FAE5ABC}.Debug|Win32.Build.0 = Debug|Win32
		{00928D70-9C76-4EFA-8347-44E60FAE5ABC}.Debug|x64.ActiveCfg = Debug|Win32
		{00928D70-9C76-4EFA-8347-44E60FAE5ABC}.Release Multithreaded|Win32.ActiveCfg = Release|Win32
		{00928D70-9C76-4EFA-8347-44E60FAE5ABC}.Release Multithreaded|Win32.Build.0 = Release|Win32
		{00928D70-9C76-4EFA-8347-44E60FAE5ABC}.Release Multithreaded|x64.ActiveCfg = Release|Win32
		{00928D70-9C76-4EFA-8347-44E60FAE5ABC}.Release Singlethreaded|Win32.ActiveCfg = Release|Win32
		{00928D70-9C76-4EFA-8347-44E60FAE5ABC}.Release Singlethreaded|Win32.Build.0 = Release|Win32
		{00928D70-9C76-4EFA-8347-44E60FAE5ABC}.Release Singlethreaded|x64.ActiveCfg = Release|Win32
		{00928D70-9C76-4EFA-8347-44E60FAE5ABC}.Release|Win32.ActiveCfg = Release|Win32
		{00928D70-9C76-4EFA-8347-44E60FAE5ABC}.Release|Win32.Build.0 = Release|Win32
		{00928D70-9C76-4EFA-8347-44E60FAE5ABC}.Release|x64.ActiveCfg = Release|Win32
	EndGlobalSection
	GlobalSection(SolutionProperties) = preSolution
		HideSolutionNode = FALSE
	EndGlobalSection
EndGlobal
