<?xml version="1.0" encoding="utf-8"?>
<Project ToolsVersion="4.0" xmlns="http://schemas.microsoft.com/developer/msbuild/2003">
  <ItemGroup>
    <Filter Include="Source Files">
      <UniqueIdentifier>{4FC737F1-C7A5-4376-A066-2A32D752A2FF}</UniqueIdentifier>
      <Extensions>cpp;c;cc;cxx;def;odl;idl;hpj;bat;asm;asmx</Extensions>
    </Filter>
    <Filter Include="Header Files">
      <UniqueIdentifier>{93995380-89BD-4b04-88EB-625FBE52EBFB}</UniqueIdentifier>
      <Extensions>h;hpp;hxx;hm;inl;inc;xsd</Extensions>
    </Filter>
    <Filter Include="Resource Files">
      <UniqueIdentifier>{67DA6AB6-F800-4c08-8B7A-83BB121AAD01}</UniqueIdentifier>
      <Extensions>rc;ico;cur;bmp;dlg;rc2;rct;bin;rgs;gif;jpg;jpeg;jpe;resx;tiff;tif;png;wav;mfcribbon-ms</Extensions>
    </Filter>
  </ItemGroup>
  <ItemGroup>
    <ClCompile Include="stdafx.cpp">
      <Filter>Source Files</Filter>
    </ClCompile>
    <ClCompile Include="OpenGL_Main.cpp">
      <Filter>Source Files</Filter>
    </ClCompile>
    <ClCompile Include="OpenGLSceneMgr.cpp">
      <Filter>Source Files</Filter>
    </ClCompile>
    <ClCompile Include="OpenGLRenderableObj.cpp">
      <Filter>Source Files</Filter>
    </ClCompile>
    <ClCompile Include="OpenGLRenderWin.cpp">
      <Filter>Source Files</Filter>
    </ClCompile>
    <ClCompile Include="OpenGLFrame.cpp">
      <Filter>Source Files</Filter>
    </ClCompile>
    <ClCompile Include="OpenGLPBOObj.cpp">
      <Filter>Source Files</Filter>
    </ClCompile>
    <ClCompile Include="OpenGLTextureDrawing.cpp">
      <Filter>Source Files</Filter>
    </ClCompile>
    <ClCompile Include="OpenGLFTGLFont.cpp">
      <Filter>Source Files</Filter>
    </ClCompile>
    <ClCompile Include="OpenGLCamera.cpp">
      <Filter>Source Files</Filter>
    </ClCompile>
    <ClCompile Include="OpenGLRoot.cpp">
      <Filter>Source Files</Filter>
    </ClCompile>
    <ClCompile Include="OpenGLInputCtrl.cpp">
      <Filter>Source Files</Filter>
    </ClCompile>
    <ClCompile Include="OpenGLCommonDrawObj.cpp">
      <Filter>Source Files</Filter>
    </ClCompile>
    <ClCompile Include="OpenGLOutlineFont.cpp">
      <Filter>Source Files</Filter>
    </ClCompile>
    <ClCompile Include="OpenGLFrameBufferObj.cpp">
      <Filter>Source Files</Filter>
    </ClCompile>
    <ClCompile Include="OpenGLPolygonStipple.cpp">
      <Filter>Source Files</Filter>
    </ClCompile>
    <ClCompile Include="OpenGLRenderUtilFunc.cpp">
      <Filter>Source Files</Filter>
    </ClCompile>
    <ClCompile Include="Math_Util2.cpp">
      <Filter>Source Files</Filter>
    </ClCompile>
    <ClCompile Include="Math_Util3.cpp">
      <Filter>Source Files</Filter>
    </ClCompile>
    <ClCompile Include="OpenGLShadowMap.cpp">
      <Filter>Source Files</Filter>
    </ClCompile>
  </ItemGroup>
  <ItemGroup>
    <ClInclude Include="stdafx.h">
      <Filter>Header Files</Filter>
    </ClInclude>
    <ClInclude Include="OpenGLFrame.h">
      <Filter>Header Files</Filter>
    </ClInclude>
    <ClInclude Include="OpenGLSceneMgr.h">
      <Filter>Header Files</Filter>
    </ClInclude>
    <ClInclude Include="OpenGLRenderableObj.h">
      <Filter>Header Files</Filter>
    </ClInclude>
    <ClInclude Include="OpenGLRenderWin.h">
      <Filter>Header Files</Filter>
    </ClInclude>
    <ClInclude Include="OpenGLPBOObj.h">
      <Filter>Header Files</Filter>
    </ClInclude>
    <ClInclude Include="OpenGLTextureDrawing.h">
      <Filter>Header Files</Filter>
    </ClInclude>
    <ClInclude Include="OpenGLFTGLFont.h">
      <Filter>Header Files</Filter>
    </ClInclude>
    <ClInclude Include="OpenGLDef.h">
      <Filter>Header Files</Filter>
    </ClInclude>
    <ClInclude Include="OpenGLCamera.h">
      <Filter>Header Files</Filter>
    </ClInclude>
    <ClInclude Include="Math_Unit3.h">
      <Filter>Header Files</Filter>
    </ClInclude>
    <ClInclude Include="OpenGLRoot.h">
      <Filter>Header Files</Filter>
    </ClInclude>
    <ClInclude Include="OpenGLRenderTarget.h">
      <Filter>Header Files</Filter>
    </ClInclude>
    <ClInclude Include="ForwardDecl.h">
      <Filter>Header Files</Filter>
    </ClInclude>
    <ClInclude Include="OpenGLRenderUtilFunc.h">
      <Filter>Header Files</Filter>
    </ClInclude>
    <ClInclude Include="OpenGLInputCtrl.h">
      <Filter>Header Files</Filter>
    </ClInclude>
    <ClInclude Include="OpenGLKeyboardCtrl.h">
      <Filter>Header Files</Filter>
    </ClInclude>
    <ClInclude Include="OpenGLMouseCtrl.h">
      <Filter>Header Files</Filter>
    </ClInclude>
    <ClInclude Include="OpenGLCommonDrawObj.h">
      <Filter>Header Files</Filter>
    </ClInclude>
    <ClInclude Include="OpenGLOutlineFont.h">
      <Filter>Header Files</Filter>
    </ClInclude>
    <ClInclude Include="OpenGLInternalDef.h">
      <Filter>Header Files</Filter>
    </ClInclude>
    <ClInclude Include="Math_Unit2.h">
      <Filter>Header Files</Filter>
    </ClInclude>
    <ClInclude Include="OpenGLFrameBufferObj.h">
      <Filter>Header Files</Filter>
    </ClInclude>
    <ClInclude Include="OpenGLPolygonStipple.h">
      <Filter>Header Files</Filter>
    </ClInclude>
    <ClInclude Include="OpenGLShadowMap.h">
      <Filter>Header Files</Filter>
    </ClInclude>
  </ItemGroup>
</Project>